// !$*UTF8*$!
{
	archiveVersion = 1;
	classes = {
	};
	objectVersion = 56;
	objects = {

/* Begin PBXBuildFile section */
		058105D32C0E25F9009C9DBE /* FRONTENDApp.swift in Sources */ = {isa = PBXBuildFile; fileRef = 058105D22C0E25F9009C9DBE /* FRONTENDApp.swift */; };
		058105D52C0E25F9009C9DBE /* ContentView.swift in Sources */ = {isa = PBXBuildFile; fileRef = 058105D42C0E25F9009C9DBE /* ContentView.swift */; };
		058105D72C0E25FB009C9DBE /* Assets.xcassets in Resources */ = {isa = PBXBuildFile; fileRef = 058105D62C0E25FB009C9DBE /* Assets.xcassets */; };
		058105DA2C0E25FB009C9DBE /* Preview Assets.xcassets in Resources */ = {isa = PBXBuildFile; fileRef = 058105D92C0E25FB009C9DBE /* Preview Assets.xcassets */; };
		058105E42C0E25FC009C9DBE /* FRONTENDTests.swift in Sources */ = {isa = PBXBuildFile; fileRef = 058105E32C0E25FC009C9DBE /* FRONTENDTests.swift */; };
		058105EE2C0E25FC009C9DBE /* FRONTENDUITests.swift in Sources */ = {isa = PBXBuildFile; fileRef = 058105ED2C0E25FC009C9DBE /* FRONTENDUITests.swift */; };
		058105F02C0E25FC009C9DBE /* FRONTENDUITestsLaunchTests.swift in Sources */ = {isa = PBXBuildFile; fileRef = 058105EF2C0E25FC009C9DBE /* FRONTENDUITestsLaunchTests.swift */; };
/* End PBXBuildFile section */

/* Begin PBXContainerItemProxy section */
		058105E02C0E25FC009C9DBE /* PBXContainerItemProxy */ = {
			isa = PBXContainerItemProxy;
			containerPortal = 058105C72C0E25F9009C9DBE /* Project object */;
			proxyType = 1;
			remoteGlobalIDString = 058105CE2C0E25F9009C9DBE;
			remoteInfo = FRONTEND;
		};
		058105EA2C0E25FC009C9DBE /* PBXContainerItemProxy */ = {
			isa = PBXContainerItemProxy;
			containerPortal = 058105C72C0E25F9009C9DBE /* Project object */;
			proxyType = 1;
			remoteGlobalIDString = 058105CE2C0E25F9009C9DBE;
			remoteInfo = FRONTEND;
		};
/* End PBXContainerItemProxy section */

/* Begin PBXFileReference section */
		058105CF2C0E25F9009C9DBE /* FRONTEND.app */ = {isa = PBXFileReference; explicitFileType = wrapper.application; includeInIndex = 0; path = FRONTEND.app; sourceTree = BUILT_PRODUCTS_DIR; };
		058105D22C0E25F9009C9DBE /* FRONTENDApp.swift */ = {isa = PBXFileReference; lastKnownFileType = sourcecode.swift; path = FRONTENDApp.swift; sourceTree = "<group>"; };
		058105D42C0E25F9009C9DBE /* ContentView.swift */ = {isa = PBXFileReference; lastKnownFileType = sourcecode.swift; path = ContentView.swift; sourceTree = "<group>"; };
		058105D62C0E25FB009C9DBE /* Assets.xcassets */ = {isa = PBXFileReference; lastKnownFileType = folder.assetcatalog; path = Assets.xcassets; sourceTree = "<group>"; };
		058105D92C0E25FB009C9DBE /* Preview Assets.xcassets */ = {isa = PBXFileReference; lastKnownFileType = folder.assetcatalog; path = "Preview Assets.xcassets"; sourceTree = "<group>"; };
		058105DF2C0E25FC009C9DBE /* FRONTENDTests.xctest */ = {isa = PBXFileReference; explicitFileType = wrapper.cfbundle; includeInIndex = 0; path = FRONTENDTests.xctest; sourceTree = BUILT_PRODUCTS_DIR; };
		058105E32C0E25FC009C9DBE /* FRONTENDTests.swift */ = {isa = PBXFileReference; lastKnownFileType = sourcecode.swift; path = FRONTENDTests.swift; sourceTree = "<group>"; };
		058105E92C0E25FC009C9DBE /* FRONTENDUITests.xctest */ = {isa = PBXFileReference; explicitFileType = wrapper.cfbundle; includeInIndex = 0; path = FRONTENDUITests.xctest; sourceTree = BUILT_PRODUCTS_DIR; };
		058105ED2C0E25FC009C9DBE /* FRONTENDUITests.swift */ = {isa = PBXFileReference; lastKnownFileType = sourcecode.swift; path = FRONTENDUITests.swift; sourceTree = "<group>"; };
		058105EF2C0E25FC009C9DBE /* FRONTENDUITestsLaunchTests.swift */ = {isa = PBXFileReference; lastKnownFileType = sourcecode.swift; path = FRONTENDUITestsLaunchTests.swift; sourceTree = "<group>"; };
/* End PBXFileReference section */

/* Begin PBXFrameworksBuildPhase section */
		058105CC2C0E25F9009C9DBE /* Frameworks */ = {
			isa = PBXFrameworksBuildPhase;
			buildActionMask = 2147483647;
			files = (
			);
			runOnlyForDeploymentPostprocessing = 0;
		};
		058105DC2C0E25FC009C9DBE /* Frameworks */ = {
			isa = PBXFrameworksBuildPhase;
			buildActionMask = 2147483647;
			files = (
			);
			runOnlyForDeploymentPostprocessing = 0;
		};
		058105E62C0E25FC009C9DBE /* Frameworks */ = {
			isa = PBXFrameworksBuildPhase;
			buildActionMask = 2147483647;
			files = (
			);
			runOnlyForDeploymentPostprocessing = 0;
		};
/* End PBXFrameworksBuildPhase section */

/* Begin PBXGroup section */
		058105C62C0E25F9009C9DBE = {
			isa = PBXGroup;
			children = (
				058105D12C0E25F9009C9DBE /* FRONTEND */,
				058105E22C0E25FC009C9DBE /* FRONTENDTests */,
				058105EC2C0E25FC009C9DBE /* FRONTENDUITests */,
				058105D02C0E25F9009C9DBE /* Products */,
			);
			sourceTree = "<group>";
		};
		058105D02C0E25F9009C9DBE /* Products */ = {
			isa = PBXGroup;
			children = (
				058105CF2C0E25F9009C9DBE /* FRONTEND.app */,
				058105DF2C0E25FC009C9DBE /* FRONTENDTests.xctest */,
				058105E92C0E25FC009C9DBE /* FRONTENDUITests.xctest */,
			);
			name = Products;
			sourceTree = "<group>";
		};
		058105D12C0E25F9009C9DBE /* FRONTEND */ = {
			isa = PBXGroup;
			children = (
				058105D22C0E25F9009C9DBE /* FRONTENDApp.swift */,
				058105D42C0E25F9009C9DBE /* ContentView.swift */,
				058105D62C0E25FB009C9DBE /* Assets.xcassets */,
				058105D82C0E25FB009C9DBE /* Preview Content */,
			);
			path = FRONTEND;
			sourceTree = "<group>";
		};
		058105D82C0E25FB009C9DBE /* Preview Content */ = {
			isa = PBXGroup;
			children = (
				058105D92C0E25FB009C9DBE /* Preview Assets.xcassets */,
			);
			path = "Preview Content";
			sourceTree = "<group>";
		};
		058105E22C0E25FC009C9DBE /* FRONTENDTests */ = {
			isa = PBXGroup;
			children = (
				058105E32C0E25FC009C9DBE /* FRONTENDTests.swift */,
			);
			path = FRONTENDTests;
			sourceTree = "<group>";
		};
		058105EC2C0E25FC009C9DBE /* FRONTENDUITests */ = {
			isa = PBXGroup;
			children = (
				058105ED2C0E25FC009C9DBE /* FRONTENDUITests.swift */,
				058105EF2C0E25FC009C9DBE /* FRONTENDUITestsLaunchTests.swift */,
			);
			path = FRONTENDUITests;
			sourceTree = "<group>";
		};
/* End PBXGroup section */

/* Begin PBXNativeTarget section */
		058105CE2C0E25F9009C9DBE /* FRONTEND */ = {
			isa = PBXNativeTarget;
			buildConfigurationList = 058105F32C0E25FC009C9DBE /* Build configuration list for PBXNativeTarget "FRONTEND" */;
			buildPhases = (
				058105CB2C0E25F9009C9DBE /* Sources */,
				058105CC2C0E25F9009C9DBE /* Frameworks */,
				058105CD2C0E25F9009C9DBE /* Resources */,
			);
			buildRules = (
			);
			dependencies = (
			);
			name = FRONTEND;
			productName = FRONTEND;
			productReference = 058105CF2C0E25F9009C9DBE /* FRONTEND.app */;
			productType = "com.apple.product-type.application";
		};
		058105DE2C0E25FC009C9DBE /* FRONTENDTests */ = {
			isa = PBXNativeTarget;
			buildConfigurationList = 058105F62C0E25FC009C9DBE /* Build configuration list for PBXNativeTarget "FRONTENDTests" */;
			buildPhases = (
				058105DB2C0E25FC009C9DBE /* Sources */,
				058105DC2C0E25FC009C9DBE /* Frameworks */,
				058105DD2C0E25FC009C9DBE /* Resources */,
			);
			buildRules = (
			);
			dependencies = (
				058105E12C0E25FC009C9DBE /* PBXTargetDependency */,
			);
			name = FRONTENDTests;
			productName = FRONTENDTests;
			productReference = 058105DF2C0E25FC009C9DBE /* FRONTENDTests.xctest */;
			productType = "com.apple.product-type.bundle.unit-test";
		};
		058105E82C0E25FC009C9DBE /* FRONTENDUITests */ = {
			isa = PBXNativeTarget;
			buildConfigurationList = 058105F92C0E25FC009C9DBE /* Build configuration list for PBXNativeTarget "FRONTENDUITests" */;
			buildPhases = (
				058105E52C0E25FC009C9DBE /* Sources */,
				058105E62C0E25FC009C9DBE /* Frameworks */,
				058105E72C0E25FC009C9DBE /* Resources */,
			);
			buildRules = (
			);
			dependencies = (
				058105EB2C0E25FC009C9DBE /* PBXTargetDependency */,
			);
			name = FRONTENDUITests;
			productName = FRONTENDUITests;
			productReference = 058105E92C0E25FC009C9DBE /* FRONTENDUITests.xctest */;
			productType = "com.apple.product-type.bundle.ui-testing";
		};
/* End PBXNativeTarget section */

/* Begin PBXProject section */
		058105C72C0E25F9009C9DBE /* Project object */ = {
			isa = PBXProject;
			attributes = {
				BuildIndependentTargetsInParallel = 1;
				LastSwiftUpdateCheck = 1540;
				LastUpgradeCheck = 1540;
				TargetAttributes = {
					058105CE2C0E25F9009C9DBE = {
						CreatedOnToolsVersion = 15.4;
					};
					058105DE2C0E25FC009C9DBE = {
						CreatedOnToolsVersion = 15.4;
						TestTargetID = 058105CE2C0E25F9009C9DBE;
					};
					058105E82C0E25FC009C9DBE = {
						CreatedOnToolsVersion = 15.4;
						TestTargetID = 058105CE2C0E25F9009C9DBE;
					};
				};
			};
			buildConfigurationList = 058105CA2C0E25F9009C9DBE /* Build configuration list for PBXProject "FRONTEND" */;
			compatibilityVersion = "Xcode 14.0";
			developmentRegion = en;
			hasScannedForEncodings = 0;
			knownRegions = (
				en,
				Base,
			);
			mainGroup = 058105C62C0E25F9009C9DBE;
			productRefGroup = 058105D02C0E25F9009C9DBE /* Products */;
			projectDirPath = "";
			projectRoot = "";
			targets = (
				058105CE2C0E25F9009C9DBE /* FRONTEND */,
				058105DE2C0E25FC009C9DBE /* FRONTENDTests */,
				058105E82C0E25FC009C9DBE /* FRONTENDUITests */,
			);
		};
/* End PBXProject section */

/* Begin PBXResourcesBuildPhase section */
		058105CD2C0E25F9009C9DBE /* Resources */ = {
			isa = PBXResourcesBuildPhase;
			buildActionMask = 2147483647;
			files = (
				058105DA2C0E25FB009C9DBE /* Preview Assets.xcassets in Resources */,
				058105D72C0E25FB009C9DBE /* Assets.xcassets in Resources */,
			);
			runOnlyForDeploymentPostprocessing = 0;
		};
		058105DD2C0E25FC009C9DBE /* Resources */ = {
			isa = PBXResourcesBuildPhase;
			buildActionMask = 2147483647;
			files = (
			);
			runOnlyForDeploymentPostprocessing = 0;
		};
		058105E72C0E25FC009C9DBE /* Resources */ = {
			isa = PBXResourcesBuildPhase;
			buildActionMask = 2147483647;
			files = (
			);
			runOnlyForDeploymentPostprocessing = 0;
		};
/* End PBXResourcesBuildPhase section */

/* Begin PBXSourcesBuildPhase section */
		058105CB2C0E25F9009C9DBE /* Sources */ = {
			isa = PBXSourcesBuildPhase;
			buildActionMask = 2147483647;
			files = (
				058105D52C0E25F9009C9DBE /* ContentView.swift in Sources */,
				058105D32C0E25F9009C9DBE /* FRONTENDApp.swift in Sources */,
			);
			runOnlyForDeploymentPostprocessing = 0;
		};
		058105DB2C0E25FC009C9DBE /* Sources */ = {
			isa = PBXSourcesBuildPhase;
			buildActionMask = 2147483647;
			files = (
				058105E42C0E25FC009C9DBE /* FRONTENDTests.swift in Sources */,
			);
			runOnlyForDeploymentPostprocessing = 0;
		};
		058105E52C0E25FC009C9DBE /* Sources */ = {
			isa = PBXSourcesBuildPhase;
			buildActionMask = 2147483647;
			files = (
				058105F02C0E25FC009C9DBE /* FRONTENDUITestsLaunchTests.swift in Sources */,
				058105EE2C0E25FC009C9DBE /* FRONTENDUITests.swift in Sources */,
			);
			runOnlyForDeploymentPostprocessing = 0;
		};
/* End PBXSourcesBuildPhase section */

/* Begin PBXTargetDependency section */
		058105E12C0E25FC009C9DBE /* PBXTargetDependency */ = {
			isa = PBXTargetDependency;
			target = 058105CE2C0E25F9009C9DBE /* FRONTEND */;
			targetProxy = 058105E02C0E25FC009C9DBE /* PBXContainerItemProxy */;
		};
		058105EB2C0E25FC009C9DBE /* PBXTargetDependency */ = {
			isa = PBXTargetDependency;
			target = 058105CE2C0E25F9009C9DBE /* FRONTEND */;
			targetProxy = 058105EA2C0E25FC009C9DBE /* PBXContainerItemProxy */;
		};
/* End PBXTargetDependency section */

/* Begin XCBuildConfiguration section */
		058105F12C0E25FC009C9DBE /* Debug */ = {
			isa = XCBuildConfiguration;
			buildSettings = {
				ALWAYS_SEARCH_USER_PATHS = NO;
				ASSETCATALOG_COMPILER_GENERATE_SWIFT_ASSET_SYMBOL_EXTENSIONS = YES;
				CLANG_ANALYZER_NONNULL = YES;
				CLANG_ANALYZER_NUMBER_OBJECT_CONVERSION = YES_AGGRESSIVE;
				CLANG_CXX_LANGUAGE_STANDARD = "gnu++20";
				CLANG_ENABLE_MODULES = YES;
				CLANG_ENABLE_OBJC_ARC = YES;
				CLANG_ENABLE_OBJC_WEAK = YES;
				CLANG_WARN_BLOCK_CAPTURE_AUTORELEASING = YES;
				CLANG_WARN_BOOL_CONVERSION = YES;
				CLANG_WARN_COMMA = YES;
				CLANG_WARN_CONSTANT_CONVERSION = YES;
				CLANG_WARN_DEPRECATED_OBJC_IMPLEMENTATIONS = YES;
				CLANG_WARN_DIRECT_OBJC_ISA_USAGE = YES_ERROR;
				CLANG_WARN_DOCUMENTATION_COMMENTS = YES;
				CLANG_WARN_EMPTY_BODY = YES;
				CLANG_WARN_ENUM_CONVERSION = YES;
				CLANG_WARN_INFINITE_RECURSION = YES;
				CLANG_WARN_INT_CONVERSION = YES;
				CLANG_WARN_NON_LITERAL_NULL_CONVERSION = YES;
				CLANG_WARN_OBJC_IMPLICIT_RETAIN_SELF = YES;
				CLANG_WARN_OBJC_LITERAL_CONVERSION = YES;
				CLANG_WARN_OBJC_ROOT_CLASS = YES_ERROR;
				CLANG_WARN_QUOTED_INCLUDE_IN_FRAMEWORK_HEADER = YES;
				CLANG_WARN_RANGE_LOOP_ANALYSIS = YES;
				CLANG_WARN_STRICT_PROTOTYPES = YES;
				CLANG_WARN_SUSPICIOUS_MOVE = YES;
				CLANG_WARN_UNGUARDED_AVAILABILITY = YES_AGGRESSIVE;
				CLANG_WARN_UNREACHABLE_CODE = YES;
				CLANG_WARN__DUPLICATE_METHOD_MATCH = YES;
				COPY_PHASE_STRIP = NO;
				DEBUG_INFORMATION_FORMAT = dwarf;
				ENABLE_STRICT_OBJC_MSGSEND = YES;
				ENABLE_TESTABILITY = YES;
				ENABLE_USER_SCRIPT_SANDBOXING = YES;
				GCC_C_LANGUAGE_STANDARD = gnu17;
				GCC_DYNAMIC_NO_PIC = NO;
				GCC_NO_COMMON_BLOCKS = YES;
				GCC_OPTIMIZATION_LEVEL = 0;
				GCC_PREPROCESSOR_DEFINITIONS = (
					"DEBUG=1",
					"$(inherited)",
				);
				GCC_WARN_64_TO_32_BIT_CONVERSION = YES;
				GCC_WARN_ABOUT_RETURN_TYPE = YES_ERROR;
				GCC_WARN_UNDECLARED_SELECTOR = YES;
				GCC_WARN_UNINITIALIZED_AUTOS = YES_AGGRESSIVE;
				GCC_WARN_UNUSED_FUNCTION = YES;
				GCC_WARN_UNUSED_VARIABLE = YES;
				IPHONEOS_DEPLOYMENT_TARGET = 17.5;
				LOCALIZATION_PREFERS_STRING_CATALOGS = YES;
				MTL_ENABLE_DEBUG_INFO = INCLUDE_SOURCE;
				MTL_FAST_MATH = YES;
				ONLY_ACTIVE_ARCH = YES;
				SDKROOT = iphoneos;
				SWIFT_ACTIVE_COMPILATION_CONDITIONS = "DEBUG $(inherited)";
				SWIFT_OPTIMIZATION_LEVEL = "-Onone";
			};
			name = Debug;
		};
		058105F22C0E25FC009C9DBE /* Release */ = {
			isa = XCBuildConfiguration;
			buildSettings = {
				ALWAYS_SEARCH_USER_PATHS = NO;
				ASSETCATALOG_COMPILER_GENERATE_SWIFT_ASSET_SYMBOL_EXTENSIONS = YES;
				CLANG_ANALYZER_NONNULL = YES;
				CLANG_ANALYZER_NUMBER_OBJECT_CONVERSION = YES_AGGRESSIVE;
				CLANG_CXX_LANGUAGE_STANDARD = "gnu++20";
				CLANG_ENABLE_MODULES = YES;
				CLANG_ENABLE_OBJC_ARC = YES;
				CLANG_ENABLE_OBJC_WEAK = YES;
				CLANG_WARN_BLOCK_CAPTURE_AUTORELEASING = YES;
				CLANG_WARN_BOOL_CONVERSION = YES;
				CLANG_WARN_COMMA = YES;
				CLANG_WARN_CONSTANT_CONVERSION = YES;
				CLANG_WARN_DEPRECATED_OBJC_IMPLEMENTATIONS = YES;
				CLANG_WARN_DIRECT_OBJC_ISA_USAGE = YES_ERROR;
				CLANG_WARN_DOCUMENTATION_COMMENTS = YES;
				CLANG_WARN_EMPTY_BODY = YES;
				CLANG_WARN_ENUM_CONVERSION = YES;
				CLANG_WARN_INFINITE_RECURSION = YES;
				CLANG_WARN_INT_CONVERSION = YES;
				CLANG_WARN_NON_LITERAL_NULL_CONVERSION = YES;
				CLANG_WARN_OBJC_IMPLICIT_RETAIN_SELF = YES;
				CLANG_WARN_OBJC_LITERAL_CONVERSION = YES;
				CLANG_WARN_OBJC_ROOT_CLASS = YES_ERROR;
				CLANG_WARN_QUOTED_INCLUDE_IN_FRAMEWORK_HEADER = YES;
				CLANG_WARN_RANGE_LOOP_ANALYSIS = YES;
				CLANG_WARN_STRICT_PROTOTYPES = YES;
				CLANG_WARN_SUSPICIOUS_MOVE = YES;
				CLANG_WARN_UNGUARDED_AVAILABILITY = YES_AGGRESSIVE;
				CLANG_WARN_UNREACHABLE_CODE = YES;
				CLANG_WARN__DUPLICATE_METHOD_MATCH = YES;
				COPY_PHASE_STRIP = NO;
				DEBUG_INFORMATION_FORMAT = "dwarf-with-dsym";
				ENABLE_NS_ASSERTIONS = NO;
				ENABLE_STRICT_OBJC_MSGSEND = YES;
				ENABLE_USER_SCRIPT_SANDBOXING = YES;
				GCC_C_LANGUAGE_STANDARD = gnu17;
				GCC_NO_COMMON_BLOCKS = YES;
				GCC_WARN_64_TO_32_BIT_CONVERSION = YES;
				GCC_WARN_ABOUT_RETURN_TYPE = YES_ERROR;
				GCC_WARN_UNDECLARED_SELECTOR = YES;
				GCC_WARN_UNINITIALIZED_AUTOS = YES_AGGRESSIVE;
				GCC_WARN_UNUSED_FUNCTION = YES;
				GCC_WARN_UNUSED_VARIABLE = YES;
				IPHONEOS_DEPLOYMENT_TARGET = 17.5;
				LOCALIZATION_PREFERS_STRING_CATALOGS = YES;
				MTL_ENABLE_DEBUG_INFO = NO;
				MTL_FAST_MATH = YES;
				SDKROOT = iphoneos;
				SWIFT_COMPILATION_MODE = wholemodule;
				VALIDATE_PRODUCT = YES;
			};
			name = Release;
		};
		058105F42C0E25FC009C9DBE /* Debug */ = {
			isa = XCBuildConfiguration;
			buildSettings = {
				ASSETCATALOG_COMPILER_APPICON_NAME = AppIcon;
				ASSETCATALOG_COMPILER_GLOBAL_ACCENT_COLOR_NAME = AccentColor;
				CODE_SIGN_STYLE = Automatic;
				CURRENT_PROJECT_VERSION = 1;
				DEVELOPMENT_ASSET_PATHS = "\"FRONTEND/Preview Content\"";
				DEVELOPMENT_TEAM = 2396P2Y69S;
				ENABLE_PREVIEWS = YES;
				GENERATE_INFOPLIST_FILE = YES;
				INFOPLIST_KEY_UIApplicationSceneManifest_Generation = YES;
				INFOPLIST_KEY_UIApplicationSupportsIndirectInputEvents = YES;
				INFOPLIST_KEY_UILaunchScreen_Generation = YES;
				INFOPLIST_KEY_UISupportedInterfaceOrientations_iPad = "UIInterfaceOrientationPortrait UIInterfaceOrientationPortraitUpsideDown UIInterfaceOrientationLandscapeLeft UIInterfaceOrientationLandscapeRight";
				INFOPLIST_KEY_UISupportedInterfaceOrientations_iPhone = "UIInterfaceOrientationPortrait UIInterfaceOrientationLandscapeLeft UIInterfaceOrientationLandscapeRight";
				LD_RUNPATH_SEARCH_PATHS = (
					"$(inherited)",
					"@executable_path/Frameworks",
				);
				MARKETING_VERSION = 1.0;
				PRODUCT_BUNDLE_IDENTIFIER = "Antonio-De-Lucia.FRONTEND";
				PRODUCT_NAME = "$(TARGET_NAME)";
				SWIFT_EMIT_LOC_STRINGS = YES;
				SWIFT_VERSION = 5.0;
				TARGETED_DEVICE_FAMILY = "1,2";
			};
			name = Debug;
		};
		058105F52C0E25FC009C9DBE /* Release */ = {
			isa = XCBuildConfiguration;
			buildSettings = {
				ASSETCATALOG_COMPILER_APPICON_NAME = AppIcon;
				ASSETCATALOG_COMPILER_GLOBAL_ACCENT_COLOR_NAME = AccentColor;
				CODE_SIGN_STYLE = Automatic;
				CURRENT_PROJECT_VERSION = 1;
				DEVELOPMENT_ASSET_PATHS = "\"FRONTEND/Preview Content\"";
				DEVELOPMENT_TEAM = 2396P2Y69S;
				ENABLE_PREVIEWS = YES;
				GENERATE_INFOPLIST_FILE = YES;
				INFOPLIST_KEY_UIApplicationSceneManifest_Generation = YES;
				INFOPLIST_KEY_UIApplicationSupportsIndirectInputEvents = YES;
				INFOPLIST_KEY_UILaunchScreen_Generation = YES;
				INFOPLIST_KEY_UISupportedInterfaceOrientations_iPad = "UIInterfaceOrientationPortrait UIInterfaceOrientationPortraitUpsideDown UIInterfaceOrientationLandscapeLeft UIInterfaceOrientationLandscapeRight";
				INFOPLIST_KEY_UISupportedInterfaceOrientations_iPhone = "UIInterfaceOrientationPortrait UIInterfaceOrientationLandscapeLeft UIInterfaceOrientationLandscapeRight";
				LD_RUNPATH_SEARCH_PATHS = (
					"$(inherited)",
					"@executable_path/Frameworks",
				);
				MARKETING_VERSION = 1.0;
				PRODUCT_BUNDLE_IDENTIFIER = "Antonio-De-Lucia.FRONTEND";
				PRODUCT_NAME = "$(TARGET_NAME)";
				SWIFT_EMIT_LOC_STRINGS = YES;
				SWIFT_VERSION = 5.0;
				TARGETED_DEVICE_FAMILY = "1,2";
			};
			name = Release;
		};
		058105F72C0E25FC009C9DBE /* Debug */ = {
			isa = XCBuildConfiguration;
			buildSettings = {
				ALWAYS_EMBED_SWIFT_STANDARD_LIBRARIES = YES;
				BUNDLE_LOADER = "$(TEST_HOST)";
				CODE_SIGN_STYLE = Automatic;
				CURRENT_PROJECT_VERSION = 1;
				DEVELOPMENT_TEAM = 2396P2Y69S;
				GENERATE_INFOPLIST_FILE = YES;
				IPHONEOS_DEPLOYMENT_TARGET = 17.5;
				MARKETING_VERSION = 1.0;
				PRODUCT_BUNDLE_IDENTIFIER = "Antonio-De-Lucia.FRONTENDTests";
				PRODUCT_NAME = "$(TARGET_NAME)";
				SWIFT_EMIT_LOC_STRINGS = NO;
				SWIFT_VERSION = 5.0;
				TARGETED_DEVICE_FAMILY = "1,2";
				TEST_HOST = "$(BUILT_PRODUCTS_DIR)/FRONTEND.app/$(BUNDLE_EXECUTABLE_FOLDER_PATH)/FRONTEND";
			};
			name = Debug;
		};
		058105F82C0E25FC009C9DBE /* Release */ = {
			isa = XCBuildConfiguration;
			buildSettings = {
				ALWAYS_EMBED_SWIFT_STANDARD_LIBRARIES = YES;
				BUNDLE_LOADER = "$(TEST_HOST)";
				CODE_SIGN_STYLE = Automatic;
				CURRENT_PROJECT_VERSION = 1;
				DEVELOPMENT_TEAM = 2396P2Y69S;
				GENERATE_INFOPLIST_FILE = YES;
				IPHONEOS_DEPLOYMENT_TARGET = 17.5;
				MARKETING_VERSION = 1.0;
				PRODUCT_BUNDLE_IDENTIFIER = "Antonio-De-Lucia.FRONTENDTests";
				PRODUCT_NAME = "$(TARGET_NAME)";
				SWIFT_EMIT_LOC_STRINGS = NO;
				SWIFT_VERSION = 5.0;
				TARGETED_DEVICE_FAMILY = "1,2";
				TEST_HOST = "$(BUILT_PRODUCTS_DIR)/FRONTEND.app/$(BUNDLE_EXECUTABLE_FOLDER_PATH)/FRONTEND";
			};
			name = Release;
		};
		058105FA2C0E25FC009C9DBE /* Debug */ = {
			isa = XCBuildConfiguration;
			buildSettings = {
				ALWAYS_EMBED_SWIFT_STANDARD_LIBRARIES = YES;
				CODE_SIGN_STYLE = Automatic;
				CURRENT_PROJECT_VERSION = 1;
				DEVELOPMENT_TEAM = 2396P2Y69S;
				GENERATE_INFOPLIST_FILE = YES;
				MARKETING_VERSION = 1.0;
				PRODUCT_BUNDLE_IDENTIFIER = "Antonio-De-Lucia.FRONTENDUITests";
				PRODUCT_NAME = "$(TARGET_NAME)";
				SWIFT_EMIT_LOC_STRINGS = NO;
				SWIFT_VERSION = 5.0;
				TARGETED_DEVICE_FAMILY = "1,2";
				TEST_TARGET_NAME = FRONTEND;
			};
			name = Debug;
		};
		058105FB2C0E25FC009C9DBE /* Release */ = {
			isa = XCBuildConfiguration;
			buildSettings = {
				ALWAYS_EMBED_SWIFT_STANDARD_LIBRARIES = YES;
				CODE_SIGN_STYLE = Automatic;
				CURRENT_PROJECT_VERSION = 1;
				DEVELOPMENT_TEAM = 2396P2Y69S;
				GENERATE_INFOPLIST_FILE = YES;
				MARKETING_VERSION = 1.0;
				PRODUCT_BUNDLE_IDENTIFIER = "Antonio-De-Lucia.FRONTENDUITests";
				PRODUCT_NAME = "$(TARGET_NAME)";
				SWIFT_EMIT_LOC_STRINGS = NO;
				SWIFT_VERSION = 5.0;
				TARGETED_DEVICE_FAMILY = "1,2";
				TEST_TARGET_NAME = FRONTEND;
			};
			name = Release;
		};
/* End XCBuildConfiguration section */

/* Begin XCConfigurationList section */
		058105CA2C0E25F9009C9DBE /* Build configuration list for PBXProject "FRONTEND" */ = {
			isa = XCConfigurationList;
			buildConfigurations = (
				058105F12C0E25FC009C9DBE /* Debug */,
				058105F22C0E25FC009C9DBE /* Release */,
			);
			defaultConfigurationIsVisible = 0;
			defaultConfigurationName = Release;
		};
		058105F32C0E25FC009C9DBE /* Build configuration list for PBXNativeTarget "FRONTEND" */ = {
			isa = XCConfigurationList;
			buildConfigurations = (
				058105F42C0E25FC009C9DBE /* Debug */,
				058105F52C0E25FC009C9DBE /* Release */,
			);
			defaultConfigurationIsVisible = 0;
			defaultConfigurationName = Release;
		};
		058105F62C0E25FC009C9DBE /* Build configuration list for PBXNativeTarget "FRONTENDTests" */ = {
			isa = XCConfigurationList;
			buildConfigurations = (
				058105F72C0E25FC009C9DBE /* Debug */,
				058105F82C0E25FC009C9DBE /* Release */,
			);
			defaultConfigurationIsVisible = 0;
			defaultConfigurationName = Release;
		};
		058105F92C0E25FC009C9DBE /* Build configuration list for PBXNativeTarget "FRONTENDUITests" */ = {
			isa = XCConfigurationList;
			buildConfigurations = (
				058105FA2C0E25FC009C9DBE /* Debug */,
				058105FB2C0E25FC009C9DBE /* Release */,
			);
			defaultConfigurationIsVisible = 0;
			defaultConfigurationName = Release;
		};
/* End XCConfigurationList section */
	};
	rootObject = 058105C72C0E25F9009C9DBE /* Project object */;
}
